
Microsoft Visual Studio Solution File, Format Version 12.00
# Visual Studio 15
VisualStudioVersion = 15.0.27130.2036
MinimumVisualStudioVersion = 10.0.40219.1
Project("{FAE04EC0-301F-11D3-BF4B-00C04F79EFBC}") = "CodeEditorNet.Lua", "LuaEditorNET\CodeEditorNet.Lua.csproj", "{6380B47B-EBC0-4CBE-8ED3-969046797768}"
EndProject
Project("{FAE04EC0-301F-11D3-BF4B-00C04F79EFBC}") = "Sample", "Sample\Sample.csproj", "{2AC83415-E183-4742-A71E-49422DABCCC4}"
EndProject
Global
	GlobalSection(SolutionConfigurationPlatforms) = preSolution
		Debug|Any CPU = Debug|Any CPU
		Release|Any CPU = Release|Any CPU
	EndGlobalSection
	GlobalSection(ProjectConfigurationPlatforms) = postSolution
		{6380B47B-EBC0-4CBE-8ED3-969046797768}.Debug|Any CPU.ActiveCfg = Debug|Any CPU
		{6380B47B-EBC0-4CBE-8ED3-969046797768}.Debug|Any CPU.Build.0 = Debug|Any CPU
		{6380B47B-EBC0-4CBE-8ED3-969046797768}.Release|Any CPU.ActiveCfg = Release|Any CPU
		{6380B47B-EBC0-4CBE-8ED3-969046797768}.Release|Any CPU.Build.0 = Release|Any CPU
		{2AC83415-E183-4742-A71E-49422DABCCC4}.Debug|Any CPU.ActiveCfg = Debug|Any CPU
		{2AC83415-E183-4742-A71E-49422DABCCC4}.Debug|Any CPU.Build.0 = Debug|Any CPU
		{2AC83415-E183-4742-A71E-49422DABCCC4}.Release|Any CPU.ActiveCfg = Release|Any CPU
		{2AC83415-E183-4742-A71E-49422DABCCC4}.Release|Any CPU.Build.0 = Release|Any CPU
	EndGlobalSection
	GlobalSection(SolutionProperties) = preSolution
		HideSolutionNode = FALSE
	EndGlobalSection
	GlobalSection(ExtensibilityGlobals) = postSolution
		SolutionGuid = {6F200178-170B-454C-99FE-9A907A928E2A}
	EndGlobalSection
EndGlobal
